// !$*UTF8*$!
{
	archiveVersion = 1;
	classes = {
	};
	objectVersion = 70;
	objects = {

/* Begin PBXBuildFile section */
		05D0F5A02FB46E020059B3CB /* QuickLookThumbnailing.framework in Frameworks */ = {isa = PBXBuildFile; fileRef = 05D0F59F2FB46E020059B3CB /* QuickLookThumbnailing.framework */; };
		05D0F5A12FB46E020059B3CB /* Quartz.framework in Frameworks */ = {isa = PBXBuildFile; fileRef = 4B0FDF9426C9A38000C94DDE /* Quartz.framework */; };
		05D0F5A82FB46E020059B3CB /* QLThumbnail.appex in Embed Foundation Extensions */ = {isa = PBXBuildFile; fileRef = 05D0F59E2FB46E020059B3CB /* QLThumbnail.appex */; settings = {ATTRIBUTES = (RemoveHeadersOnCopy, ); }; };
		0A1B2C3D2FB46E020059B40B /* QLActions.appex in Embed Foundation Extensions */ = {isa = PBXBuildFile; fileRef = 0A1B2C3D2FB46E020059B404 /* QLActions.appex */; settings = {ATTRIBUTES = (RemoveHeadersOnCopy, ); }; };
		05DD438D2FB452B000444B3A /* Sparkle in Frameworks */ = {isa = PBXBuildFile; productRef = 05DD438C2FB452B000444B3A /* Sparkle */; };
		4B0FDF7F26C9A31F00C94DDE /* QuickLookProteinApp.swift in Sources */ = {isa = PBXBuildFile; fileRef = 4B0FDF7E26C9A31F00C94DDE /* QuickLookProteinApp.swift */; };
		4B0FDF8126C9A31F00C94DDE /* ContentView.swift in Sources */ = {isa = PBXBuildFile; fileRef = 4B0FDF8026C9A31F00C94DDE /* ContentView.swift */; };
		4B0FDF8326C9A32100C94DDE /* Assets.xcassets in Resources */ = {isa = PBXBuildFile; fileRef = 4B0FDF8226C9A32100C94DDE /* Assets.xcassets */; };
		4B0FDF8626C9A32100C94DDE /* Preview Assets.xcassets in Resources */ = {isa = PBXBuildFile; fileRef = 4B0FDF8526C9A32100C94DDE /* Preview Assets.xcassets */; };
		4B0FDF9526C9A38000C94DDE /* Quartz.framework in Frameworks */ = {isa = PBXBuildFile; fileRef = 4B0FDF9426C9A38000C94DDE /* Quartz.framework */; };
		4B0FDF9826C9A38000C94DDE /* PreviewViewController.swift in Sources */ = {isa = PBXBuildFile; fileRef = 4B0FDF9726C9A38000C94DDE /* PreviewViewController.swift */; };
		4B0FDF9B26C9A38000C94DDE /* PreviewViewController.xib in Resources */ = {isa = PBXBuildFile; fileRef = 4B0FDF9926C9A38000C94DDE /* PreviewViewController.xib */; };
		4B0FDFA026C9A38000C94DDE /* QuickLookProtein Extension.appex in Embed Foundation Extensions */ = {isa = PBXBuildFile; fileRef = 4B0FDF9226C9A38000C94DDE /* QuickLookProtein Extension.appex */; settings = {ATTRIBUTES = (RemoveHeadersOnCopy, ); }; };
		4B0FDFA926C9A45B00C94DDE /* 3Dmol_viewer.html in Resources */ = {isa = PBXBuildFile; fileRef = 4B0FDFA826C9A45B00C94DDE /* 3Dmol_viewer.html */; };
		4B20116126D2692200B77CEF /* Settings.swift in Sources */ = {isa = PBXBuildFile; fileRef = 4B20116026D2692200B77CEF /* Settings.swift */; };
		4B20116226D2692200B77CEF /* Settings.swift in Sources */ = {isa = PBXBuildFile; fileRef = 4B20116026D2692200B77CEF /* Settings.swift */; };
		4B20116F26D2D43B00B77CEF /* 3Dmol_viewer.html in Resources */ = {isa = PBXBuildFile; fileRef = 4B0FDFA826C9A45B00C94DDE /* 3Dmol_viewer.html */; };
		4B450AC326D2D6D1007F0A39 /* SharedFunctions.swift in Sources */ = {isa = PBXBuildFile; fileRef = 4B450AC226D2D6D1007F0A39 /* SharedFunctions.swift */; };
		4B450AC426D2D6D1007F0A39 /* SharedFunctions.swift in Sources */ = {isa = PBXBuildFile; fileRef = 4B450AC226D2D6D1007F0A39 /* SharedFunctions.swift */; };
		MM010001AAAA00000000A001 /* MoleculeModel.swift in Sources */ = {isa = PBXBuildFile; fileRef = MM010000AAAA00000000A000 /* MoleculeModel.swift */; };
		MM010002AAAA00000000A002 /* MoleculeModel.swift in Sources */ = {isa = PBXBuildFile; fileRef = MM010000AAAA00000000A000 /* MoleculeModel.swift */; };
		UZ010001AAAA00000000B001 /* USDZExporter.swift in Sources */ = {isa = PBXBuildFile; fileRef = UZ010000AAAA00000000B000 /* USDZExporter.swift */; };
		UZ010002AAAA00000000B002 /* USDZExporter.swift in Sources */ = {isa = PBXBuildFile; fileRef = UZ010000AAAA00000000B000 /* USDZExporter.swift */; };
		4B99E5C526E4FD7200B44AD9 /* VersionCheck.swift in Sources */ = {isa = PBXBuildFile; fileRef = 4B99E5C426E4FD7200B44AD9 /* VersionCheck.swift */; };
		4BE18E02281F38DA00034BE4 /* PQQ.sdf in Resources */ = {isa = PBXBuildFile; fileRef = 4BE18E01281F38D900034BE4 /* PQQ.sdf */; };
		4BE18E04281F3B4900034BE4 /* 1565673.cif in Resources */ = {isa = PBXBuildFile; fileRef = 4BE18E03281F3B4900034BE4 /* 1565673.cif */; };
		4BE18E06281F3D0200034BE4 /* 6oc6.pdb in Resources */ = {isa = PBXBuildFile; fileRef = 4BE18E05281F3D0200034BE4 /* 6oc6.pdb */; };
		4BED22A32821CD6D003F66A0 /* 3Dmol.js in Resources */ = {isa = PBXBuildFile; fileRef = 4BED22A22821CD6D003F66A0 /* 3Dmol.js */; };
		4BED22A42821CD6D003F66A0 /* 3Dmol.js in Resources */ = {isa = PBXBuildFile; fileRef = 4BED22A22821CD6D003F66A0 /* 3Dmol.js */; };
		A1AR10AA1A2B3C4D00000001 /* Updater.swift in Sources */ = {isa = PBXBuildFile; fileRef = A1AR10AA1A2B3C4D00000002 /* Updater.swift */; };
		A1AR10AA1A2B3C4D00000003 /* LoginItem.swift in Sources */ = {isa = PBXBuildFile; fileRef = A1AR10AA1A2B3C4D00000004 /* LoginItem.swift */; };
		A1BE7Z1E2A2B3C4D00000001 /* benzene.xyz in Resources */ = {isa = PBXBuildFile; fileRef = A1BE7Z1E2A2B3C4D00000002 /* benzene.xyz */; };
		A1CAF1E01A2B3C4D00000001 /* caffeine.mol2 in Resources */ = {isa = PBXBuildFile; fileRef = A1CAF1E01A2B3C4D00000002 /* caffeine.mol2 */; };
		A1CDJ1E7A2B3C4D00000001 /* methane.cdjson in Resources */ = {isa = PBXBuildFile; fileRef = A1CDJ1E7A2B3C4D00000002 /* methane.cdjson */; };
		A1MMT1E8A2B3C4D00000001 /* methane.mmtf in Resources */ = {isa = PBXBuildFile; fileRef = A1MMT1E8A2B3C4D00000002 /* methane.mmtf */; };
		A1ME74A1E1A2B3C4D00000001 /* methane.mol in Resources */ = {isa = PBXBuildFile; fileRef = A1ME74A1E1A2B3C4D00000002 /* methane.mol */; };
		A1PQR1E5A2B3C4D00000001 /* methane.pqr in Resources */ = {isa = PBXBuildFile; fileRef = A1PQR1E5A2B3C4D00000002 /* methane.pqr */; };
		A1VSP1E6A2B3C4D00000001 /* diamond.vasp in Resources */ = {isa = PBXBuildFile; fileRef = A1VSP1E6A2B3C4D00000002 /* diamond.vasp */; };
		A1WA7C1E4A2B3C4D00000001 /* water.cube in Resources */ = {isa = PBXBuildFile; fileRef = A1WA7C1E4A2B3C4D00000002 /* water.cube */; };
		A1WA7G1E3A2B3C4D00000001 /* water.gro in Resources */ = {isa = PBXBuildFile; fileRef = A1WA7G1E3A2B3C4D00000002 /* water.gro */; };
/* End PBXBuildFile section */

/* Begin PBXContainerItemProxy section */
		05D0F5A62FB46E020059B3CB /* PBXContainerItemProxy */ = {
			isa = PBXContainerItemProxy;
			containerPortal = 4B0FDF7326C9A31F00C94DDE /* Project object */;
			proxyType = 1;
			remoteGlobalIDString = 05D0F59D2FB46E020059B3CB;
			remoteInfo = QLThumbnail;
		};
		0A1B2C3D2FB46E020059B40D /* PBXContainerItemProxy */ = {
			isa = PBXContainerItemProxy;
			containerPortal = 4B0FDF7326C9A31F00C94DDE /* Project object */;
			proxyType = 1;
			remoteGlobalIDString = 0A1B2C3D2FB46E020059B401;
			remoteInfo = QLActions;
		};
		4B0FDF9E26C9A38000C94DDE /* PBXContainerItemProxy */ = {
			isa = PBXContainerItemProxy;
			containerPortal = 4B0FDF7326C9A31F00C94DDE /* Project object */;
			proxyType = 1;
			remoteGlobalIDString = 4B0FDF9126C9A38000C94DDE;
			remoteInfo = QLExtension;
		};
/* End PBXContainerItemProxy section */

/* Begin PBXCopyFilesBuildPhase section */
		4B0FDFA426C9A38000C94DDE /* Embed Foundation Extensions */ = {
			isa = PBXCopyFilesBuildPhase;
			buildActionMask = 2147483647;
			dstPath = "";
			dstSubfolderSpec = 13;
			files = (
				05D0F5A82FB46E020059B3CB /* QLThumbnail.appex in Embed Foundation Extensions */,
				0A1B2C3D2FB46E020059B40B /* QLActions.appex in Embed Foundation Extensions */,
				4B0FDFA026C9A38000C94DDE /* QuickLookProtein Extension.appex in Embed Foundation Extensions */,
			);
			name = "Embed Foundation Extensions";
			runOnlyForDeploymentPostprocessing = 0;
		};
/* End PBXCopyFilesBuildPhase section */

/* Begin PBXFileReference section */
		05D0F59E2FB46E020059B3CB /* QLThumbnail.appex */ = {isa = PBXFileReference; explicitFileType = "wrapper.app-extension"; includeInIndex = 0; path = QLThumbnail.appex; sourceTree = BUILT_PRODUCTS_DIR; };
		0A1B2C3D2FB46E020059B404 /* QLActions.appex */ = {isa = PBXFileReference; explicitFileType = "wrapper.app-extension"; includeInIndex = 0; path = QLActions.appex; sourceTree = BUILT_PRODUCTS_DIR; };
		05D0F59F2FB46E020059B3CB /* QuickLookThumbnailing.framework */ = {isa = PBXFileReference; lastKnownFileType = wrapper.framework; name = QuickLookThumbnailing.framework; path = System/Library/Frameworks/QuickLookThumbnailing.framework; sourceTree = SDKROOT; };
		4B0FDF7B26C9A31F00C94DDE /* QuickLookProtein.app */ = {isa = PBXFileReference; explicitFileType = wrapper.application; includeInIndex = 0; path = QuickLookProtein.app; sourceTree = BUILT_PRODUCTS_DIR; };
		4B0FDF7E26C9A31F00C94DDE /* QuickLookProteinApp.swift */ = {isa = PBXFileReference; lastKnownFileType = sourcecode.swift; path = QuickLookProteinApp.swift; sourceTree = "<group>"; };
		4B0FDF8026C9A31F00C94DDE /* ContentView.swift */ = {isa = PBXFileReference; lastKnownFileType = sourcecode.swift; path = ContentView.swift; sourceTree = "<group>"; };
		4B0FDF8226C9A32100C94DDE /* Assets.xcassets */ = {isa = PBXFileReference; lastKnownFileType = folder.assetcatalog; path = Assets.xcassets; sourceTree = "<group>"; };
		4B0FDF8526C9A32100C94DDE /* Preview Assets.xcassets */ = {isa = PBXFileReference; lastKnownFileType = folder.assetcatalog; path = "Preview Assets.xcassets"; sourceTree = "<group>"; };
		4B0FDF8726C9A32100C94DDE /* Info.plist */ = {isa = PBXFileReference; lastKnownFileType = text.plist.xml; path = Info.plist; sourceTree = "<group>"; };
		4B0FDF8826C9A32100C94DDE /* QuickLookProtein.entitlements */ = {isa = PBXFileReference; lastKnownFileType = text.plist.entitlements; path = QuickLookProtein.entitlements; sourceTree = "<group>"; };
		4B0FDF9226C9A38000C94DDE /* QuickLookProtein Extension.appex */ = {isa = PBXFileReference; explicitFileType = "wrapper.app-extension"; includeInIndex = 0; path = "QuickLookProtein Extension.appex"; sourceTree = BUILT_PRODUCTS_DIR; };
		4B0FDF9426C9A38000C94DDE /* Quartz.framework */ = {isa = PBXFileReference; lastKnownFileType = wrapper.framework; name = Quartz.framework; path = System/Library/Frameworks/Quartz.framework; sourceTree = SDKROOT; };
		4B0FDF9726C9A38000C94DDE /* PreviewViewController.swift */ = {isa = PBXFileReference; lastKnownFileType = sourcecode.swift; path = PreviewViewController.swift; sourceTree = "<group>"; };
		4B0FDF9A26C9A38000C94DDE /* Base */ = {isa = PBXFileReference; lastKnownFileType = file.xib; name = Base; path = Base.lproj/PreviewViewController.xib; sourceTree = "<group>"; };
		4B0FDF9C26C9A38000C94DDE /* Info.plist */ = {isa = PBXFileReference; lastKnownFileType = text.plist.xml; path = Info.plist; sourceTree = "<group>"; };
		4B0FDF9D26C9A38000C94DDE /* QLExtension.entitlements */ = {isa = PBXFileReference; lastKnownFileType = text.plist.entitlements; path = QLExtension.entitlements; sourceTree = "<group>"; };
		4B0FDFA826C9A45B00C94DDE /* 3Dmol_viewer.html */ = {isa = PBXFileReference; fileEncoding = 4; lastKnownFileType = text.html; path = 3Dmol_viewer.html; sourceTree = "<group>"; };
		4B20116026D2692200B77CEF /* Settings.swift */ = {isa = PBXFileReference; lastKnownFileType = sourcecode.swift; path = Settings.swift; sourceTree = "<group>"; };
		4B450AC226D2D6D1007F0A39 /* SharedFunctions.swift */ = {isa = PBXFileReference; lastKnownFileType = sourcecode.swift; path = SharedFunctions.swift; sourceTree = "<group>"; };
		MM010000AAAA00000000A000 /* MoleculeModel.swift */ = {isa = PBXFileReference; lastKnownFileType = sourcecode.swift; path = MoleculeModel.swift; sourceTree = "<group>"; };
		UZ010000AAAA00000000B000 /* USDZExporter.swift */ = {isa = PBXFileReference; lastKnownFileType = sourcecode.swift; path = USDZExporter.swift; sourceTree = "<group>"; };
		4B99E5C426E4FD7200B44AD9 /* VersionCheck.swift */ = {isa = PBXFileReference; lastKnownFileType = sourcecode.swift; path = VersionCheck.swift; sourceTree = "<group>"; };
		4BE18E01281F38D900034BE4 /* PQQ.sdf */ = {isa = PBXFileReference; fileEncoding = 4; lastKnownFileType = text; path = PQQ.sdf; sourceTree = "<group>"; };
		4BE18E03281F3B4900034BE4 /* 1565673.cif */ = {isa = PBXFileReference; fileEncoding = 4; lastKnownFileType = text; path = 1565673.cif; sourceTree = "<group>"; };
		4BE18E05281F3D0200034BE4 /* 6oc6.pdb */ = {isa = PBXFileReference; fileEncoding = 4; lastKnownFileType = text; path = 6oc6.pdb; sourceTree = "<group>"; };
		4BED22A22821CD6D003F66A0 /* 3Dmol.js */ = {isa = PBXFileReference; fileEncoding = 4; lastKnownFileType = sourcecode.javascript; path = 3Dmol.js; sourceTree = "<group>"; };
		A1AR10AA1A2B3C4D00000002 /* Updater.swift */ = {isa = PBXFileReference; lastKnownFileType = sourcecode.swift; path = Updater.swift; sourceTree = "<group>"; };
		A1AR10AA1A2B3C4D00000004 /* LoginItem.swift */ = {isa = PBXFileReference; lastKnownFileType = sourcecode.swift; path = LoginItem.swift; sourceTree = "<group>"; };
		A1BE7Z1E2A2B3C4D00000002 /* benzene.xyz */ = {isa = PBXFileReference; fileEncoding = 4; lastKnownFileType = text; path = benzene.xyz; sourceTree = "<group>"; };
		A1CAF1E01A2B3C4D00000002 /* caffeine.mol2 */ = {isa = PBXFileReference; fileEncoding = 4; lastKnownFileType = text; path = caffeine.mol2; sourceTree = "<group>"; };
		A1CDJ1E7A2B3C4D00000002 /* methane.cdjson */ = {isa = PBXFileReference; fileEncoding = 4; lastKnownFileType = text; path = methane.cdjson; sourceTree = "<group>"; };
		A1MMT1E8A2B3C4D00000002 /* methane.mmtf */ = {isa = PBXFileReference; lastKnownFileType = file; path = methane.mmtf; sourceTree = "<group>"; };
		A1ME74A1E1A2B3C4D00000002 /* methane.mol */ = {isa = PBXFileReference; fileEncoding = 4; lastKnownFileType = text; path = methane.mol; sourceTree = "<group>"; };
		A1PQR1E5A2B3C4D00000002 /* methane.pqr */ = {isa = PBXFileReference; fileEncoding = 4; lastKnownFileType = text; path = methane.pqr; sourceTree = "<group>"; };
		A1VSP1E6A2B3C4D00000002 /* diamond.vasp */ = {isa = PBXFileReference; fileEncoding = 4; lastKnownFileType = text; path = diamond.vasp; sourceTree = "<group>"; };
		A1WA7C1E4A2B3C4D00000002 /* water.cube */ = {isa = PBXFileReference; fileEncoding = 4; lastKnownFileType = text; path = water.cube; sourceTree = "<group>"; };
		A1WA7G1E3A2B3C4D00000002 /* water.gro */ = {isa = PBXFileReference; fileEncoding = 4; lastKnownFileType = text; path = water.gro; sourceTree = "<group>"; };
/* End PBXFileReference section */

/* Begin PBXFileSystemSynchronizedBuildFileExceptionSet section */
		05D0F5B12FB46E020059B3CB /* Exceptions for "QLThumbnail" folder in "QLThumbnail" target */ = {
			isa = PBXFileSystemSynchronizedBuildFileExceptionSet;
			membershipExceptions = (
				Info.plist,
			);
			target = 05D0F59D2FB46E020059B3CB /* QLThumbnail */;
		};
		0A1B2C3D2FB46E020059B403 /* Exceptions for "QLActions" folder in "QLActions" target */ = {
			isa = PBXFileSystemSynchronizedBuildFileExceptionSet;
			membershipExceptions = (
				Info.plist,
			);
			target = 0A1B2C3D2FB46E020059B401 /* QLActions */;
		};
/* End PBXFileSystemSynchronizedBuildFileExceptionSet section */

/* Begin PBXFileSystemSynchronizedRootGroup section */
		05D0F5A22FB46E020059B3CB /* QLThumbnail */ = {
			isa = PBXFileSystemSynchronizedRootGroup;
			exceptions = (
				05D0F5B12FB46E020059B3CB /* Exceptions for "QLThumbnail" folder in "QLThumbnail" target */,
			);
			explicitFileTypes = {};
			explicitFolders = ();
			path = QLThumbnail;
			sourceTree = "<group>";
		};
		0A1B2C3D2FB46E020059B402 /* QLActions */ = {
			isa = PBXFileSystemSynchronizedRootGroup;
			exceptions = (
				0A1B2C3D2FB46E020059B403 /* Exceptions for "QLActions" folder in "QLActions" target */,
			);
			explicitFileTypes = {};
			explicitFolders = ();
			path = QLActions;
			sourceTree = "<group>";
		};
/* End PBXFileSystemSynchronizedRootGroup section */

/* Begin PBXFrameworksBuildPhase section */
		05D0F59B2FB46E020059B3CB /* Frameworks */ = {
			isa = PBXFrameworksBuildPhase;
			buildActionMask = 2147483647;
			files = (
				05D0F5A02FB46E020059B3CB /* QuickLookThumbnailing.framework in Frameworks */,
				05D0F5A12FB46E020059B3CB /* Quartz.framework in Frameworks */,
			);
			runOnlyForDeploymentPostprocessing = 0;
		};
		0A1B2C3D2FB46E020059B406 /* Frameworks */ = {
			isa = PBXFrameworksBuildPhase;
			buildActionMask = 2147483647;
			files = (
			);
			runOnlyForDeploymentPostprocessing = 0;
		};
		4B0FDF7826C9A31F00C94DDE /* Frameworks */ = {
			isa = PBXFrameworksBuildPhase;
			buildActionMask = 2147483647;
			files = (
				05DD438D2FB452B000444B3A /* Sparkle in Frameworks */,
			);
			runOnlyForDeploymentPostprocessing = 0;
		};
		4B0FDF8F26C9A38000C94DDE /* Frameworks */ = {
			isa = PBXFrameworksBuildPhase;
			buildActionMask = 2147483647;
			files = (
				4B0FDF9526C9A38000C94DDE /* Quartz.framework in Frameworks */,
			);
			runOnlyForDeploymentPostprocessing = 0;
		};
/* End PBXFrameworksBuildPhase section */

/* Begin PBXGroup section */
		4B0888B626D64B54009492C5 /* Assets */ = {
			isa = PBXGroup;
			children = (
				4BE18E05281F3D0200034BE4 /* 6oc6.pdb */,
				4BE18E01281F38D900034BE4 /* PQQ.sdf */,
				4BE18E03281F3B4900034BE4 /* 1565673.cif */,
				A1CAF1E01A2B3C4D00000002 /* caffeine.mol2 */,
				A1ME74A1E1A2B3C4D00000002 /* methane.mol */,
				A1BE7Z1E2A2B3C4D00000002 /* benzene.xyz */,
				A1WA7G1E3A2B3C4D00000002 /* water.gro */,
				A1WA7C1E4A2B3C4D00000002 /* water.cube */,
				A1PQR1E5A2B3C4D00000002 /* methane.pqr */,
				A1VSP1E6A2B3C4D00000002 /* diamond.vasp */,
				A1CDJ1E7A2B3C4D00000002 /* methane.cdjson */,
				A1MMT1E8A2B3C4D00000002 /* methane.mmtf */,
			);
			path = Assets;
			sourceTree = "<group>";
		};
		4B0FDF7226C9A31F00C94DDE = {
			isa = PBXGroup;
			children = (
				4B20115E26D268DE00B77CEF /* Shared */,
				4B0FDF7D26C9A31F00C94DDE /* QuickLookProtein */,
				4B0FDF9626C9A38000C94DDE /* QLExtension */,
				05D0F5A22FB46E020059B3CB /* QLThumbnail */,
				0A1B2C3D2FB46E020059B402 /* QLActions */,
				4B0FDF9326C9A38000C94DDE /* Frameworks */,
				4B0FDF7C26C9A31F00C94DDE /* Products */,
			);
			sourceTree = "<group>";
		};
		4B0FDF7C26C9A31F00C94DDE /* Products */ = {
			isa = PBXGroup;
			children = (
				4B0FDF7B26C9A31F00C94DDE /* QuickLookProtein.app */,
				4B0FDF9226C9A38000C94DDE /* QuickLookProtein Extension.appex */,
				05D0F59E2FB46E020059B3CB /* QLThumbnail.appex */,
				0A1B2C3D2FB46E020059B404 /* QLActions.appex */,
			);
			name = Products;
			sourceTree = "<group>";
		};
		4B0FDF7D26C9A31F00C94DDE /* QuickLookProtein */ = {
			isa = PBXGroup;
			children = (
				4B0888B626D64B54009492C5 /* Assets */,
				4B0FDF7E26C9A31F00C94DDE /* QuickLookProteinApp.swift */,
				A1AR10AA1A2B3C4D00000002 /* Updater.swift */,
				A1AR10AA1A2B3C4D00000004 /* LoginItem.swift */,
				4B0FDF8026C9A31F00C94DDE /* ContentView.swift */,
				4B0FDF8226C9A32100C94DDE /* Assets.xcassets */,
				4B0FDF8726C9A32100C94DDE /* Info.plist */,
				4B0FDF8826C9A32100C94DDE /* QuickLookProtein.entitlements */,
				4B0FDF8426C9A32100C94DDE /* Preview Content */,
				4B99E5C426E4FD7200B44AD9 /* VersionCheck.swift */,
			);
			path = QuickLookProtein;
			sourceTree = "<group>";
		};
		4B0FDF8426C9A32100C94DDE /* Preview Content */ = {
			isa = PBXGroup;
			children = (
				4B0FDF8526C9A32100C94DDE /* Preview Assets.xcassets */,
			);
			path = "Preview Content";
			sourceTree = "<group>";
		};
		4B0FDF9326C9A38000C94DDE /* Frameworks */ = {
			isa = PBXGroup;
			children = (
				4B0FDF9426C9A38000C94DDE /* Quartz.framework */,
				05D0F59F2FB46E020059B3CB /* QuickLookThumbnailing.framework */,
			);
			name = Frameworks;
			sourceTree = "<group>";
		};
		4B0FDF9626C9A38000C94DDE /* QLExtension */ = {
			isa = PBXGroup;
			children = (
				4B0FDF9726C9A38000C94DDE /* PreviewViewController.swift */,
				4B0FDF9926C9A38000C94DDE /* PreviewViewController.xib */,
				4B0FDF9C26C9A38000C94DDE /* Info.plist */,
				4B0FDF9D26C9A38000C94DDE /* QLExtension.entitlements */,
			);
			path = QLExtension;
			sourceTree = "<group>";
		};
		4B0FDFA726C9A45400C94DDE /* Assets */ = {
			isa = PBXGroup;
			children = (
				4BED22A22821CD6D003F66A0 /* 3Dmol.js */,
				4B0FDFA826C9A45B00C94DDE /* 3Dmol_viewer.html */,
			);
			path = Assets;
			sourceTree = "<group>";
		};
		4B20115E26D268DE00B77CEF /* Shared */ = {
			isa = PBXGroup;
			children = (
				4B0FDFA726C9A45400C94DDE /* Assets */,
				4B20116026D2692200B77CEF /* Settings.swift */,
				4B450AC226D2D6D1007F0A39 /* SharedFunctions.swift */,
				MM010000AAAA00000000A000 /* MoleculeModel.swift */,
				UZ010000AAAA00000000B000 /* USDZExporter.swift */,
			);
			path = Shared;
			sourceTree = "<group>";
		};
/* End PBXGroup section */

/* Begin PBXNativeTarget section */
		05D0F59D2FB46E020059B3CB /* QLThumbnail */ = {
			isa = PBXNativeTarget;
			buildConfigurationList = 05D0F5AC2FB46E020059B3CB /* Build configuration list for PBXNativeTarget "QLThumbnail" */;
			buildPhases = (
				05D0F59A2FB46E020059B3CB /* Sources */,
				05D0F59B2FB46E020059B3CB /* Frameworks */,
				05D0F59C2FB46E020059B3CB /* Resources */,
			);
			buildRules = (
			);
			dependencies = (
			);
			fileSystemSynchronizedGroups = (
				05D0F5A22FB46E020059B3CB /* QLThumbnail */,
			);
			name = QLThumbnail;
			packageProductDependencies = (
			);
			productName = QLThumbnail;
			productReference = 05D0F59E2FB46E020059B3CB /* QLThumbnail.appex */;
			productType = "com.apple.product-type.app-extension";
		};
		0A1B2C3D2FB46E020059B401 /* QLActions */ = {
			isa = PBXNativeTarget;
			buildConfigurationList = 0A1B2C3D2FB46E020059B408 /* Build configuration list for PBXNativeTarget "QLActions" */;
			buildPhases = (
				0A1B2C3D2FB46E020059B405 /* Sources */,
				0A1B2C3D2FB46E020059B406 /* Frameworks */,
				0A1B2C3D2FB46E020059B407 /* Resources */,
			);
			buildRules = (
			);
			dependencies = (
			);
			fileSystemSynchronizedGroups = (
				0A1B2C3D2FB46E020059B402 /* QLActions */,
			);
			name = QLActions;
			packageProductDependencies = (
			);
			productName = QLActions;
			productReference = 0A1B2C3D2FB46E020059B404 /* QLActions.appex */;
			productType = "com.apple.product-type.app-extension";
		};
		4B0FDF7A26C9A31F00C94DDE /* QuickLookProtein */ = {
			isa = PBXNativeTarget;
			buildConfigurationList = 4B0FDF8B26C9A32100C94DDE /* Build configuration list for PBXNativeTarget "QuickLookProtein" */;
			buildPhases = (
				4B0FDF7726C9A31F00C94DDE /* Sources */,
				4B0FDF7826C9A31F00C94DDE /* Frameworks */,
				4B0FDF7926C9A31F00C94DDE /* Resources */,
				4B0FDFA426C9A38000C94DDE /* Embed Foundation Extensions */,
			);
			buildRules = (
			);
			dependencies = (
				4B0FDF9F26C9A38000C94DDE /* PBXTargetDependency */,
				05D0F5A72FB46E020059B3CB /* PBXTargetDependency */,
				0A1B2C3D2FB46E020059B40C /* PBXTargetDependency */,
			);
			name = QuickLookProtein;
			productName = QuickLookProtein;
			productReference = 4B0FDF7B26C9A31F00C94DDE /* QuickLookProtein.app */;
			productType = "com.apple.product-type.application";
		};
		4B0FDF9126C9A38000C94DDE /* QuickLookProtein Extension */ = {
			isa = PBXNativeTarget;
			buildConfigurationList = 4B0FDFA126C9A38000C94DDE /* Build configuration list for PBXNativeTarget "QuickLookProtein Extension" */;
			buildPhases = (
				4B0FDF8E26C9A38000C94DDE /* Sources */,
				4B0FDF8F26C9A38000C94DDE /* Frameworks */,
				4B0FDF9026C9A38000C94DDE /* Resources */,
			);
			buildRules = (
			);
			dependencies = (
			);
			name = "QuickLookProtein Extension";
			productName = QLExtension;
			productReference = 4B0FDF9226C9A38000C94DDE /* QuickLookProtein Extension.appex */;
			productType = "com.apple.product-type.app-extension";
		};
/* End PBXNativeTarget section */

/* Begin PBXProject section */
		4B0FDF7326C9A31F00C94DDE /* Project object */ = {
			isa = PBXProject;
			attributes = {
				BuildIndependentTargetsInParallel = YES;
				LastSwiftUpdateCheck = 2610;
				LastUpgradeCheck = 1600;
				TargetAttributes = {
					05D0F59D2FB46E020059B3CB = {
						CreatedOnToolsVersion = 26.1.1;
					};
					0A1B2C3D2FB46E020059B401 = {
						CreatedOnToolsVersion = 26.1.1;
					};
					4B0FDF7A26C9A31F00C94DDE = {
						CreatedOnToolsVersion = 12.5.1;
					};
					4B0FDF9126C9A38000C94DDE = {
						CreatedOnToolsVersion = 12.5.1;
					};
				};
			};
			buildConfigurationList = 4B0FDF7626C9A31F00C94DDE /* Build configuration list for PBXProject "QuickLookProtein" */;
			compatibilityVersion = "Xcode 9.3";
			developmentRegion = en;
			hasScannedForEncodings = 0;
			knownRegions = (
				en,
				Base,
			);
			mainGroup = 4B0FDF7226C9A31F00C94DDE;
			packageReferences = (
				05DD438B2FB452B000444B3A /* XCRemoteSwiftPackageReference "Sparkle" */,
			);
			productRefGroup = 4B0FDF7C26C9A31F00C94DDE /* Products */;
			projectDirPath = "";
			projectRoot = "";
			targets = (
				4B0FDF7A26C9A31F00C94DDE /* QuickLookProtein */,
				4B0FDF9126C9A38000C94DDE /* QuickLookProtein Extension */,
				05D0F59D2FB46E020059B3CB /* QLThumbnail */,
				0A1B2C3D2FB46E020059B401 /* QLActions */,
			);
		};
/* End PBXProject section */

/* Begin PBXResourcesBuildPhase section */
		05D0F59C2FB46E020059B3CB /* Resources */ = {
			isa = PBXResourcesBuildPhase;
			buildActionMask = 2147483647;
			files = (
			);
			runOnlyForDeploymentPostprocessing = 0;
		};
		0A1B2C3D2FB46E020059B407 /* Resources */ = {
			isa = PBXResourcesBuildPhase;
			buildActionMask = 2147483647;
			files = (
			);
			runOnlyForDeploymentPostprocessing = 0;
		};
		4B0FDF7926C9A31F00C94DDE /* Resources */ = {
			isa = PBXResourcesBuildPhase;
			buildActionMask = 2147483647;
			files = (
				4BE18E02281F38DA00034BE4 /* PQQ.sdf in Resources */,
				4B0FDF8626C9A32100C94DDE /* Preview Assets.xcassets in Resources */,
				4BED22A32821CD6D003F66A0 /* 3Dmol.js in Resources */,
				4BE18E06281F3D0200034BE4 /* 6oc6.pdb in Resources */,
				4BE18E04281F3B4900034BE4 /* 1565673.cif in Resources */,
				4B20116F26D2D43B00B77CEF /* 3Dmol_viewer.html in Resources */,
				A1CAF1E01A2B3C4D00000001 /* caffeine.mol2 in Resources */,
				A1ME74A1E1A2B3C4D00000001 /* methane.mol in Resources */,
				A1BE7Z1E2A2B3C4D00000001 /* benzene.xyz in Resources */,
				A1WA7G1E3A2B3C4D00000001 /* water.gro in Resources */,
				A1WA7C1E4A2B3C4D00000001 /* water.cube in Resources */,
				A1PQR1E5A2B3C4D00000001 /* methane.pqr in Resources */,
				A1VSP1E6A2B3C4D00000001 /* diamond.vasp in Resources */,
				A1CDJ1E7A2B3C4D00000001 /* methane.cdjson in Resources */,
				A1MMT1E8A2B3C4D00000001 /* methane.mmtf in Resources */,
				4B0FDF8326C9A32100C94DDE /* Assets.xcassets in Resources */,
			);
			runOnlyForDeploymentPostprocessing = 0;
		};
		4B0FDF9026C9A38000C94DDE /* Resources */ = {
			isa = PBXResourcesBuildPhase;
			buildActionMask = 2147483647;
			files = (
				4B0FDFA926C9A45B00C94DDE /* 3Dmol_viewer.html in Resources */,
				4BED22A42821CD6D003F66A0 /* 3Dmol.js in Resources */,
				4B0FDF9B26C9A38000C94DDE /* PreviewViewController.xib in Resources */,
			);
			runOnlyForDeploymentPostprocessing = 0;
		};
/* End PBXResourcesBuildPhase section */

/* Begin PBXSourcesBuildPhase section */
		05D0F59A2FB46E020059B3CB /* Sources */ = {
			isa = PBXSourcesBuildPhase;
			buildActionMask = 2147483647;
			files = (
			);
			runOnlyForDeploymentPostprocessing = 0;
		};
		0A1B2C3D2FB46E020059B405 /* Sources */ = {
			isa = PBXSourcesBuildPhase;
			buildActionMask = 2147483647;
			files = (
			);
			runOnlyForDeploymentPostprocessing = 0;
		};
		4B0FDF7726C9A31F00C94DDE /* Sources */ = {
			isa = PBXSourcesBuildPhase;
			buildActionMask = 2147483647;
			files = (
				4B20116126D2692200B77CEF /* Settings.swift in Sources */,
				4B0FDF8126C9A31F00C94DDE /* ContentView.swift in Sources */,
				4B0FDF7F26C9A31F00C94DDE /* QuickLookProteinApp.swift in Sources */,
				A1AR10AA1A2B3C4D00000001 /* Updater.swift in Sources */,
				A1AR10AA1A2B3C4D00000003 /* LoginItem.swift in Sources */,
				4B99E5C526E4FD7200B44AD9 /* VersionCheck.swift in Sources */,
				4B450AC326D2D6D1007F0A39 /* SharedFunctions.swift in Sources */,
				MM010001AAAA00000000A001 /* MoleculeModel.swift in Sources */,
				UZ010001AAAA00000000B001 /* USDZExporter.swift in Sources */,
			);
			runOnlyForDeploymentPostprocessing = 0;
		};
		4B0FDF8E26C9A38000C94DDE /* Sources */ = {
			isa = PBXSourcesBuildPhase;
			buildActionMask = 2147483647;
			files = (
				4B20116226D2692200B77CEF /* Settings.swift in Sources */,
				4B0FDF9826C9A38000C94DDE /* PreviewViewController.swift in Sources */,
				4B450AC426D2D6D1007F0A39 /* SharedFunctions.swift in Sources */,
				MM010002AAAA00000000A002 /* MoleculeModel.swift in Sources */,
				UZ010002AAAA00000000B002 /* USDZExporter.swift in Sources */,
			);
			runOnlyForDeploymentPostprocessing = 0;
		};
/* End PBXSourcesBuildPhase section */

/* Begin PBXTargetDependency section */
		05D0F5A72FB46E020059B3CB /* PBXTargetDependency */ = {
			isa = PBXTargetDependency;
			target = 05D0F59D2FB46E020059B3CB /* QLThumbnail */;
			targetProxy = 05D0F5A62FB46E020059B3CB /* PBXContainerItemProxy */;
		};
		0A1B2C3D2FB46E020059B40C /* PBXTargetDependency */ = {
			isa = PBXTargetDependency;
			target = 0A1B2C3D2FB46E020059B401 /* QLActions */;
			targetProxy = 0A1B2C3D2FB46E020059B40D /* PBXContainerItemProxy */;
		};
		4B0FDF9F26C9A38000C94DDE /* PBXTargetDependency */ = {
			isa = PBXTargetDependency;
			target = 4B0FDF9126C9A38000C94DDE /* QuickLookProtein Extension */;
			targetProxy = 4B0FDF9E26C9A38000C94DDE /* PBXContainerItemProxy */;
		};
/* End PBXTargetDependency section */

/* Begin PBXVariantGroup section */
		4B0FDF9926C9A38000C94DDE /* PreviewViewController.xib */ = {
			isa = PBXVariantGroup;
			children = (
				4B0FDF9A26C9A38000C94DDE /* Base */,
			);
			name = PreviewViewController.xib;
			sourceTree = "<group>";
		};
/* End PBXVariantGroup section */

/* Begin XCBuildConfiguration section */
		05D0F5A92FB46E020059B3CB /* Debug */ = {
			isa = XCBuildConfiguration;
			buildSettings = {
				ASSETCATALOG_COMPILER_GENERATE_SWIFT_ASSET_SYMBOL_EXTENSIONS = YES;
				CLANG_CXX_LANGUAGE_STANDARD = "gnu++20";
				CODE_SIGN_ALLOW_ENTITLEMENTS_MODIFICATION = YES;
				CODE_SIGN_ENTITLEMENTS = QLThumbnail/QLThumbnail.entitlements;
				CODE_SIGN_IDENTITY = "Apple Development";
				CODE_SIGN_STYLE = Automatic;
				CURRENT_PROJECT_VERSION = 1;
				DEVELOPMENT_TEAM = FF68N39FU5;
				ENABLE_APP_SANDBOX = YES;
				ENABLE_HARDENED_RUNTIME = YES;
				ENABLE_USER_SELECTED_FILES = readonly;
				GCC_C_LANGUAGE_STANDARD = gnu17;
				GENERATE_INFOPLIST_FILE = NO;
				INFOPLIST_FILE = QLThumbnail/Info.plist;
				INFOPLIST_KEY_CFBundleDisplayName = QLThumbnail;
				INFOPLIST_KEY_NSHumanReadableCopyright = "";
				LD_RUNPATH_SEARCH_PATHS = (
					"$(inherited)",
					"@executable_path/../Frameworks",
					"@executable_path/../../../../Frameworks",
				);
				LOCALIZATION_PREFERS_STRING_CATALOGS = YES;
				MACOSX_DEPLOYMENT_TARGET = 11.0;
				MARKETING_VERSION = 1.7.96;
				PRODUCT_BUNDLE_IDENTIFIER = com.ariomoniri.QuickLookProtein.QLThumbnail;
				PRODUCT_NAME = "$(TARGET_NAME)";
				SKIP_INSTALL = YES;
				STRING_CATALOG_GENERATE_SYMBOLS = YES;
				SWIFT_ACTIVE_COMPILATION_CONDITIONS = "DEBUG $(inherited)";
				SWIFT_APPROACHABLE_CONCURRENCY = YES;
				SWIFT_EMIT_LOC_STRINGS = YES;
				SWIFT_UPCOMING_FEATURE_MEMBER_IMPORT_VISIBILITY = YES;
				SWIFT_VERSION = 5.0;
			};
			name = Debug;
		};
		05D0F5AA2FB46E020059B3CB /* Release */ = {
			isa = XCBuildConfiguration;
			buildSettings = {
				ASSETCATALOG_COMPILER_GENERATE_SWIFT_ASSET_SYMBOL_EXTENSIONS = YES;
				CLANG_CXX_LANGUAGE_STANDARD = "gnu++20";
				CODE_SIGN_ALLOW_ENTITLEMENTS_MODIFICATION = YES;
				CODE_SIGN_ENTITLEMENTS = QLThumbnail/QLThumbnail.entitlements;
				CODE_SIGN_IDENTITY = "Apple Development";
				CODE_SIGN_STYLE = Automatic;
				CURRENT_PROJECT_VERSION = 1;
				DEVELOPMENT_TEAM = FF68N39FU5;
				ENABLE_APP_SANDBOX = YES;
				ENABLE_HARDENED_RUNTIME = YES;
				ENABLE_USER_SELECTED_FILES = readonly;
				GCC_C_LANGUAGE_STANDARD = gnu17;
				GENERATE_INFOPLIST_FILE = NO;
				INFOPLIST_FILE = QLThumbnail/Info.plist;
				INFOPLIST_KEY_CFBundleDisplayName = QLThumbnail;
				INFOPLIST_KEY_NSHumanReadableCopyright = "";
				LD_RUNPATH_SEARCH_PATHS = (
					"$(inherited)",
					"@executable_path/../Frameworks",
					"@executable_path/../../../../Frameworks",
				);
				LOCALIZATION_PREFERS_STRING_CATALOGS = YES;
				MACOSX_DEPLOYMENT_TARGET = 11.0;
				MARKETING_VERSION = 1.7.96;
				PRODUCT_BUNDLE_IDENTIFIER = com.ariomoniri.QuickLookProtein.QLThumbnail;
				PRODUCT_NAME = "$(TARGET_NAME)";
				SKIP_INSTALL = YES;
				STRING_CATALOG_GENERATE_SYMBOLS = YES;
				SWIFT_APPROACHABLE_CONCURRENCY = YES;
				SWIFT_EMIT_LOC_STRINGS = YES;
				SWIFT_UPCOMING_FEATURE_MEMBER_IMPORT_VISIBILITY = YES;
				SWIFT_VERSION = 5.0;
			};
			name = Release;
		};
		0A1B2C3D2FB46E020059B409 /* Debug */ = {
			isa = XCBuildConfiguration;
			buildSettings = {
				ASSETCATALOG_COMPILER_GENERATE_SWIFT_ASSET_SYMBOL_EXTENSIONS = YES;
				CLANG_CXX_LANGUAGE_STANDARD = "gnu++20";
				CODE_SIGN_ALLOW_ENTITLEMENTS_MODIFICATION = YES;
				CODE_SIGN_ENTITLEMENTS = QLActions/QLActions.entitlements;
				CODE_SIGN_IDENTITY = "Apple Development";
				CODE_SIGN_STYLE = Automatic;
				CURRENT_PROJECT_VERSION = 1;
				DEVELOPMENT_TEAM = FF68N39FU5;
				ENABLE_APP_SANDBOX = YES;
				ENABLE_HARDENED_RUNTIME = YES;
				ENABLE_USER_SELECTED_FILES = readwrite;
				GCC_C_LANGUAGE_STANDARD = gnu17;
				GENERATE_INFOPLIST_FILE = NO;
				INFOPLIST_FILE = QLActions/Info.plist;
				INFOPLIST_KEY_CFBundleDisplayName = "Render Molecule to PNG";
				INFOPLIST_KEY_NSHumanReadableCopyright = "";
				LD_RUNPATH_SEARCH_PATHS = (
					"$(inherited)",
					"@executable_path/../Frameworks",
					"@executable_path/../../../../Frameworks",
				);
				LOCALIZATION_PREFERS_STRING_CATALOGS = YES;
				MACOSX_DEPLOYMENT_TARGET = 11.0;
				MARKETING_VERSION = 1.7.96;
				PRODUCT_BUNDLE_IDENTIFIER = com.ariomoniri.QuickLookProtein.QLActions;
				PRODUCT_NAME = "$(TARGET_NAME)";
				SKIP_INSTALL = YES;
				STRING_CATALOG_GENERATE_SYMBOLS = YES;
				SWIFT_ACTIVE_COMPILATION_CONDITIONS = "DEBUG $(inherited)";
				SWIFT_APPROACHABLE_CONCURRENCY = YES;
				SWIFT_EMIT_LOC_STRINGS = YES;
				SWIFT_UPCOMING_FEATURE_MEMBER_IMPORT_VISIBILITY = YES;
				SWIFT_VERSION = 5.0;
			};
			name = Debug;
		};
		0A1B2C3D2FB46E020059B40A /* Release */ = {
			isa = XCBuildConfiguration;
			buildSettings = {
				ASSETCATALOG_COMPILER_GENERATE_SWIFT_ASSET_SYMBOL_EXTENSIONS = YES;
				CLANG_CXX_LANGUAGE_STANDARD = "gnu++20";
				CODE_SIGN_ALLOW_ENTITLEMENTS_MODIFICATION = YES;
				CODE_SIGN_ENTITLEMENTS = QLActions/QLActions.entitlements;
				CODE_SIGN_IDENTITY = "Apple Development";
				CODE_SIGN_STYLE = Automatic;
				CURRENT_PROJECT_VERSION = 1;
				DEVELOPMENT_TEAM = FF68N39FU5;
				ENABLE_APP_SANDBOX = YES;
				ENABLE_HARDENED_RUNTIME = YES;
				ENABLE_USER_SELECTED_FILES = readwrite;
				GCC_C_LANGUAGE_STANDARD = gnu17;
				GENERATE_INFOPLIST_FILE = NO;
				INFOPLIST_FILE = QLActions/Info.plist;
				INFOPLIST_KEY_CFBundleDisplayName = "Render Molecule to PNG";
				INFOPLIST_KEY_NSHumanReadableCopyright = "";
				LD_RUNPATH_SEARCH_PATHS = (
					"$(inherited)",
					"@executable_path/../Frameworks",
					"@executable_path/../../../../Frameworks",
				);
				LOCALIZATION_PREFERS_STRING_CATALOGS = YES;
				MACOSX_DEPLOYMENT_TARGET = 11.0;
				MARKETING_VERSION = 1.7.96;
				PRODUCT_BUNDLE_IDENTIFIER = com.ariomoniri.QuickLookProtein.QLActions;
				PRODUCT_NAME = "$(TARGET_NAME)";
				SKIP_INSTALL = YES;
				STRING_CATALOG_GENERATE_SYMBOLS = YES;
				SWIFT_APPROACHABLE_CONCURRENCY = YES;
				SWIFT_EMIT_LOC_STRINGS = YES;
				SWIFT_UPCOMING_FEATURE_MEMBER_IMPORT_VISIBILITY = YES;
				SWIFT_VERSION = 5.0;
			};
			name = Release;
		};
		4B0FDF8926C9A32100C94DDE /* Debug */ = {
			isa = XCBuildConfiguration;
			buildSettings = {
				ALWAYS_SEARCH_USER_PATHS = NO;
				CLANG_ANALYZER_NONNULL = YES;
				CLANG_ANALYZER_NUMBER_OBJECT_CONVERSION = YES_AGGRESSIVE;
				CLANG_CXX_LANGUAGE_STANDARD = "gnu++14";
				CLANG_CXX_LIBRARY = "libc++";
				CLANG_ENABLE_MODULES = YES;
				CLANG_ENABLE_OBJC_ARC = YES;
				CLANG_ENABLE_OBJC_WEAK = YES;
				CLANG_WARN_BLOCK_CAPTURE_AUTORELEASING = YES;
				CLANG_WARN_BOOL_CONVERSION = YES;
				CLANG_WARN_COMMA = YES;
				CLANG_WARN_CONSTANT_CONVERSION = YES;
				CLANG_WARN_DEPRECATED_OBJC_IMPLEMENTATIONS = YES;
				CLANG_WARN_DIRECT_OBJC_ISA_USAGE = YES_ERROR;
				CLANG_WARN_DOCUMENTATION_COMMENTS = YES;
				CLANG_WARN_EMPTY_BODY = YES;
				CLANG_WARN_ENUM_CONVERSION = YES;
				CLANG_WARN_INFINITE_RECURSION = YES;
				CLANG_WARN_INT_CONVERSION = YES;
				CLANG_WARN_NON_LITERAL_NULL_CONVERSION = YES;
				CLANG_WARN_OBJC_IMPLICIT_RETAIN_SELF = YES;
				CLANG_WARN_OBJC_LITERAL_CONVERSION = YES;
				CLANG_WARN_OBJC_ROOT_CLASS = YES_ERROR;
				CLANG_WARN_QUOTED_INCLUDE_IN_FRAMEWORK_HEADER = YES;
				CLANG_WARN_RANGE_LOOP_ANALYSIS = YES;
				CLANG_WARN_STRICT_PROTOTYPES = YES;
				CLANG_WARN_SUSPICIOUS_MOVE = YES;
				CLANG_WARN_UNGUARDED_AVAILABILITY = YES_AGGRESSIVE;
				CLANG_WARN_UNREACHABLE_CODE = YES;
				CLANG_WARN__DUPLICATE_METHOD_MATCH = YES;
				COPY_PHASE_STRIP = NO;
				DEAD_CODE_STRIPPING = YES;
				DEBUG_INFORMATION_FORMAT = dwarf;
				ENABLE_STRICT_OBJC_MSGSEND = YES;
				ENABLE_TESTABILITY = YES;
				ENABLE_USER_SCRIPT_SANDBOXING = YES;
				GCC_C_LANGUAGE_STANDARD = gnu11;
				GCC_DYNAMIC_NO_PIC = NO;
				GCC_NO_COMMON_BLOCKS = YES;
				GCC_OPTIMIZATION_LEVEL = 0;
				GCC_PREPROCESSOR_DEFINITIONS = (
					"DEBUG=1",
					"$(inherited)",
				);
				GCC_WARN_64_TO_32_BIT_CONVERSION = YES;
				GCC_WARN_ABOUT_RETURN_TYPE = YES_ERROR;
				GCC_WARN_UNDECLARED_SELECTOR = YES;
				GCC_WARN_UNINITIALIZED_AUTOS = YES_AGGRESSIVE;
				GCC_WARN_UNUSED_FUNCTION = YES;
				GCC_WARN_UNUSED_VARIABLE = YES;
				MACOSX_DEPLOYMENT_TARGET = 11.0;
				MTL_ENABLE_DEBUG_INFO = INCLUDE_SOURCE;
				MTL_FAST_MATH = YES;
				ONLY_ACTIVE_ARCH = YES;
				SDKROOT = macosx;
				SWIFT_ACTIVE_COMPILATION_CONDITIONS = DEBUG;
				SWIFT_OPTIMIZATION_LEVEL = "-Onone";
			};
			name = Debug;
		};
		4B0FDF8A26C9A32100C94DDE /* Release */ = {
			isa = XCBuildConfiguration;
			buildSettings = {
				ALWAYS_SEARCH_USER_PATHS = NO;
				CLANG_ANALYZER_NONNULL = YES;
				CLANG_ANALYZER_NUMBER_OBJECT_CONVERSION = YES_AGGRESSIVE;
				CLANG_CXX_LANGUAGE_STANDARD = "gnu++14";
				CLANG_CXX_LIBRARY = "libc++";
				CLANG_ENABLE_MODULES = YES;
				CLANG_ENABLE_OBJC_ARC = YES;
				CLANG_ENABLE_OBJC_WEAK = YES;
				CLANG_WARN_BLOCK_CAPTURE_AUTORELEASING = YES;
				CLANG_WARN_BOOL_CONVERSION = YES;
				CLANG_WARN_COMMA = YES;
				CLANG_WARN_CONSTANT_CONVERSION = YES;
				CLANG_WARN_DEPRECATED_OBJC_IMPLEMENTATIONS = YES;
				CLANG_WARN_DIRECT_OBJC_ISA_USAGE = YES_ERROR;
				CLANG_WARN_DOCUMENTATION_COMMENTS = YES;
				CLANG_WARN_EMPTY_BODY = YES;
				CLANG_WARN_ENUM_CONVERSION = YES;
				CLANG_WARN_INFINITE_RECURSION = YES;
				CLANG_WARN_INT_CONVERSION = YES;
				CLANG_WARN_NON_LITERAL_NULL_CONVERSION = YES;
				CLANG_WARN_OBJC_IMPLICIT_RETAIN_SELF = YES;
				CLANG_WARN_OBJC_LITERAL_CONVERSION = YES;
				CLANG_WARN_OBJC_ROOT_CLASS = YES_ERROR;
				CLANG_WARN_QUOTED_INCLUDE_IN_FRAMEWORK_HEADER = YES;
				CLANG_WARN_RANGE_LOOP_ANALYSIS = YES;
				CLANG_WARN_STRICT_PROTOTYPES = YES;
				CLANG_WARN_SUSPICIOUS_MOVE = YES;
				CLANG_WARN_UNGUARDED_AVAILABILITY = YES_AGGRESSIVE;
				CLANG_WARN_UNREACHABLE_CODE = YES;
				CLANG_WARN__DUPLICATE_METHOD_MATCH = YES;
				COPY_PHASE_STRIP = NO;
				DEAD_CODE_STRIPPING = YES;
				DEBUG_INFORMATION_FORMAT = "dwarf-with-dsym";
				ENABLE_NS_ASSERTIONS = NO;
				ENABLE_STRICT_OBJC_MSGSEND = YES;
				ENABLE_USER_SCRIPT_SANDBOXING = YES;
				GCC_C_LANGUAGE_STANDARD = gnu11;
				GCC_NO_COMMON_BLOCKS = YES;
				GCC_WARN_64_TO_32_BIT_CONVERSION = YES;
				GCC_WARN_ABOUT_RETURN_TYPE = YES_ERROR;
				GCC_WARN_UNDECLARED_SELECTOR = YES;
				GCC_WARN_UNINITIALIZED_AUTOS = YES_AGGRESSIVE;
				GCC_WARN_UNUSED_FUNCTION = YES;
				GCC_WARN_UNUSED_VARIABLE = YES;
				MACOSX_DEPLOYMENT_TARGET = 11.0;
				MTL_ENABLE_DEBUG_INFO = NO;
				MTL_FAST_MATH = YES;
				SDKROOT = macosx;
				SWIFT_COMPILATION_MODE = wholemodule;
				SWIFT_OPTIMIZATION_LEVEL = "-O";
			};
			name = Release;
		};
		4B0FDF8C26C9A32100C94DDE /* Debug */ = {
			isa = XCBuildConfiguration;
			buildSettings = {
				ASSETCATALOG_COMPILER_APPICON_NAME = AppIcon;
				ASSETCATALOG_COMPILER_GLOBAL_ACCENT_COLOR_NAME = AccentColor;
				CODE_SIGN_ALLOW_ENTITLEMENTS_MODIFICATION = YES;
				CODE_SIGN_ENTITLEMENTS = QuickLookProtein/QuickLookProtein.entitlements;
				CODE_SIGN_IDENTITY = "Apple Development";
				CODE_SIGN_STYLE = Automatic;
				COMBINE_HIDPI_IMAGES = YES;
				DEAD_CODE_STRIPPING = YES;
				DEVELOPMENT_ASSET_PATHS = "\"QuickLookProtein/Preview Content\"";
				DEVELOPMENT_TEAM = FF68N39FU5;
				ENABLE_HARDENED_RUNTIME = YES;
				ENABLE_PREVIEWS = YES;
				INFOPLIST_FILE = QuickLookProtein/Info.plist;
				LD_RUNPATH_SEARCH_PATHS = (
					"$(inherited)",
					"@executable_path/../Frameworks",
				);
				MACOSX_DEPLOYMENT_TARGET = 11.0;
				MARKETING_VERSION = 1.7.96;
				PRODUCT_BUNDLE_IDENTIFIER = com.ariomoniri.QuickLookProtein;
				PRODUCT_NAME = "$(TARGET_NAME)";
				SWIFT_VERSION = 5.0;
			};
			name = Debug;
		};
		4B0FDF8D26C9A32100C94DDE /* Release */ = {
			isa = XCBuildConfiguration;
			buildSettings = {
				ASSETCATALOG_COMPILER_APPICON_NAME = AppIcon;
				ASSETCATALOG_COMPILER_GLOBAL_ACCENT_COLOR_NAME = AccentColor;
				CODE_SIGN_ALLOW_ENTITLEMENTS_MODIFICATION = YES;
				CODE_SIGN_ENTITLEMENTS = QuickLookProtein/QuickLookProtein.entitlements;
				CODE_SIGN_IDENTITY = "Apple Development";
				CODE_SIGN_STYLE = Automatic;
				COMBINE_HIDPI_IMAGES = YES;
				DEAD_CODE_STRIPPING = YES;
				DEVELOPMENT_ASSET_PATHS = "\"QuickLookProtein/Preview Content\"";
				DEVELOPMENT_TEAM = FF68N39FU5;
				ENABLE_HARDENED_RUNTIME = YES;
				ENABLE_PREVIEWS = YES;
				INFOPLIST_FILE = QuickLookProtein/Info.plist;
				LD_RUNPATH_SEARCH_PATHS = (
					"$(inherited)",
					"@executable_path/../Frameworks",
				);
				MACOSX_DEPLOYMENT_TARGET = 11.0;
				MARKETING_VERSION = 1.7.96;
				PRODUCT_BUNDLE_IDENTIFIER = com.ariomoniri.QuickLookProtein;
				PRODUCT_NAME = "$(TARGET_NAME)";
				SWIFT_VERSION = 5.0;
			};
			name = Release;
		};
		4B0FDFA226C9A38000C94DDE /* Debug */ = {
			isa = XCBuildConfiguration;
			buildSettings = {
				CODE_SIGN_ALLOW_ENTITLEMENTS_MODIFICATION = YES;
				CODE_SIGN_ENTITLEMENTS = QLExtension/QLExtension.entitlements;
				CODE_SIGN_IDENTITY = "Apple Development";
				CODE_SIGN_STYLE = Automatic;
				DEAD_CODE_STRIPPING = YES;
				DEVELOPMENT_TEAM = FF68N39FU5;
				ENABLE_HARDENED_RUNTIME = YES;
				INFOPLIST_FILE = QLExtension/Info.plist;
				LD_RUNPATH_SEARCH_PATHS = (
					"$(inherited)",
					"@executable_path/../Frameworks",
					"@executable_path/../../../../Frameworks",
				);
				MARKETING_VERSION = 1.7.96;
				PRODUCT_BUNDLE_IDENTIFIER = com.ariomoniri.QuickLookProtein.QLExtension;
				PRODUCT_NAME = "$(TARGET_NAME)";
				SKIP_INSTALL = YES;
				SWIFT_VERSION = 5.0;
			};
			name = Debug;
		};
		4B0FDFA326C9A38000C94DDE /* Release */ = {
			isa = XCBuildConfiguration;
			buildSettings = {
				CODE_SIGN_ALLOW_ENTITLEMENTS_MODIFICATION = YES;
				CODE_SIGN_ENTITLEMENTS = QLExtension/QLExtension.entitlements;
				CODE_SIGN_IDENTITY = "Apple Development";
				CODE_SIGN_STYLE = Automatic;
				DEAD_CODE_STRIPPING = YES;
				DEVELOPMENT_TEAM = FF68N39FU5;
				ENABLE_HARDENED_RUNTIME = YES;
				INFOPLIST_FILE = QLExtension/Info.plist;
				LD_RUNPATH_SEARCH_PATHS = (
					"$(inherited)",
					"@executable_path/../Frameworks",
					"@executable_path/../../../../Frameworks",
				);
				MARKETING_VERSION = 1.7.96;
				PRODUCT_BUNDLE_IDENTIFIER = com.ariomoniri.QuickLookProtein.QLExtension;
				PRODUCT_NAME = "$(TARGET_NAME)";
				SKIP_INSTALL = YES;
				SWIFT_VERSION = 5.0;
			};
			name = Release;
		};
/* End XCBuildConfiguration section */

/* Begin XCConfigurationList section */
		05D0F5AC2FB46E020059B3CB /* Build configuration list for PBXNativeTarget "QLThumbnail" */ = {
			isa = XCConfigurationList;
			buildConfigurations = (
				05D0F5A92FB46E020059B3CB /* Debug */,
				05D0F5AA2FB46E020059B3CB /* Release */,
			);
			defaultConfigurationIsVisible = 0;
			defaultConfigurationName = Release;
		};
		0A1B2C3D2FB46E020059B408 /* Build configuration list for PBXNativeTarget "QLActions" */ = {
			isa = XCConfigurationList;
			buildConfigurations = (
				0A1B2C3D2FB46E020059B409 /* Debug */,
				0A1B2C3D2FB46E020059B40A /* Release */,
			);
			defaultConfigurationIsVisible = 0;
			defaultConfigurationName = Release;
		};
		4B0FDF7626C9A31F00C94DDE /* Build configuration list for PBXProject "QuickLookProtein" */ = {
			isa = XCConfigurationList;
			buildConfigurations = (
				4B0FDF8926C9A32100C94DDE /* Debug */,
				4B0FDF8A26C9A32100C94DDE /* Release */,
			);
			defaultConfigurationIsVisible = 0;
			defaultConfigurationName = Release;
		};
		4B0FDF8B26C9A32100C94DDE /* Build configuration list for PBXNativeTarget "QuickLookProtein" */ = {
			isa = XCConfigurationList;
			buildConfigurations = (
				4B0FDF8C26C9A32100C94DDE /* Debug */,
				4B0FDF8D26C9A32100C94DDE /* Release */,
			);
			defaultConfigurationIsVisible = 0;
			defaultConfigurationName = Release;
		};
		4B0FDFA126C9A38000C94DDE /* Build configuration list for PBXNativeTarget "QuickLookProtein Extension" */ = {
			isa = XCConfigurationList;
			buildConfigurations = (
				4B0FDFA226C9A38000C94DDE /* Debug */,
				4B0FDFA326C9A38000C94DDE /* Release */,
			);
			defaultConfigurationIsVisible = 0;
			defaultConfigurationName = Release;
		};
/* End XCConfigurationList section */

/* Begin XCRemoteSwiftPackageReference section */
		05DD438B2FB452B000444B3A /* XCRemoteSwiftPackageReference "Sparkle" */ = {
			isa = XCRemoteSwiftPackageReference;
			repositoryURL = "https://github.com/sparkle-project/Sparkle";
			requirement = {
				kind = upToNextMajorVersion;
				minimumVersion = 2.6.0;
			};
		};
/* End XCRemoteSwiftPackageReference section */

/* Begin XCSwiftPackageProductDependency section */
		05DD438C2FB452B000444B3A /* Sparkle */ = {
			isa = XCSwiftPackageProductDependency;
			package = 05DD438B2FB452B000444B3A /* XCRemoteSwiftPackageReference "Sparkle" */;
			productName = Sparkle;
		};
/* End XCSwiftPackageProductDependency section */
	};
	rootObject = 4B0FDF7326C9A31F00C94DDE /* Project object */;
}
